// !$*UTF8*$!
{
	archiveVersion = 1;
	classes = {
	};
	objectVersion = 50;
	objects = {

/* Begin PBXBuildFile section */
		5F80A232238B93C300C684F3 /* AppDelegate.m in Sources */ = {isa = PBXBuildFile; fileRef = 5F80A231238B93C300C684F3 /* AppDelegate.m */; };
		5F80A235238B93C300C684F3 /* ViewController.m in Sources */ = {isa = PBXBuildFile; fileRef = 5F80A234238B93C300C684F3 /* ViewController.m */; };
		5F80A238238B93C300C684F3 /* Main.storyboard in Resources */ = {isa = PBXBuildFile; fileRef = 5F80A236238B93C300C684F3 /* Main.storyboard */; };
		5F80A23A238B93C600C684F3 /* Assets.xcassets in Resources */ = {isa = PBXBuildFile; fileRef = 5F80A239238B93C600C684F3 /* Assets.xcassets */; };
		5F80A23D238B93C600C684F3 /* LaunchScreen.storyboard in Resources */ = {isa = PBXBuildFile; fileRef = 5F80A23B238B93C600C684F3 /* LaunchScreen.storyboard */; };
		5F80A240238B93C600C684F3 /* main.m in Sources */ = {isa = PBXBuildFile; fileRef = 5F80A23F238B93C600C684F3 /* main.m */; };
/* End PBXBuildFile section */

/* Begin PBXFileReference section */
		5F80A22D238B93C300C684F3 /* ScaneQRProject.app */ = {isa = PBXFileReference; explicitFileType = wrapper.application; includeInIndex = 0; path = ScaneQRProject.app; sourceTree = BUILT_PRODUCTS_DIR; };
		5F80A230238B93C300C684F3 /* AppDelegate.h */ = {isa = PBXFileReference; lastKnownFileType = sourcecode.c.h; path = AppDelegate.h; sourceTree = "<group>"; };
		5F80A231238B93C300C684F3 /* AppDelegate.m */ = {isa = PBXFileReference; lastKnownFileType = sourcecode.c.objc; path = AppDelegate.m; sourceTree = "<group>"; };
		5F80A233238B93C300C684F3 /* ViewController.h */ = {isa = PBXFileReference; lastKnownFileType = sourcecode.c.h; path = ViewController.h; sourceTree = "<group>"; };
		5F80A234238B93C300C684F3 /* ViewController.m */ = {isa = PBXFileReference; lastKnownFileType = sourcecode.c.objc; path = ViewController.m; sourceTree = "<group>"; };
		5F80A237238B93C300C684F3 /* Base */ = {isa = PBXFileReference; lastKnownFileType = file.storyboard; name = Base; path = Base.lproj/Main.storyboard; sourceTree = "<group>"; };
		5F80A239238B93C600C684F3 /* Assets.xcassets */ = {isa = PBXFileReference; lastKnownFileType = folder.assetcatalog; path = Assets.xcassets; sourceTree = "<group>"; };
		5F80A23C238B93C600C684F3 /* Base */ = {isa = PBXFileReference; lastKnownFileType = file.storyboard; name = Base; path = Base.lproj/LaunchScreen.storyboard; sourceTree = "<group>"; };
		5F80A23E238B93C600C684F3 /* Info.plist */ = {isa = PBXFileReference; lastKnownFileType = text.plist.xml; path = Info.plist; sourceTree = "<group>"; };
		5F80A23F238B93C600C684F3 /* main.m */ = {isa = PBXFileReference; lastKnownFileType = sourcecode.c.objc; path = main.m; sourceTree = "<group>"; };
/* End PBXFileReference section */

/* Begin PBXFrameworksBuildPhase section */
		5F80A22A238B93C300C684F3 /* Frameworks */ = {
			isa = PBXFrameworksBuildPhase;
			buildActionMask = 2147483647;
			files = (
			);
			runOnlyForDeploymentPostprocessing = 0;
		};
/* End PBXFrameworksBuildPhase section */

/* Begin PBXGroup section */
		5F80A224238B93C300C684F3 = {
			isa = PBXGroup;
			children = (
				5F80A22F238B93C300C684F3 /* ScaneQRProject */,
				5F80A22E238B93C300C684F3 /* Products */,
			);
			sourceTree = "<group>";
		};
		5F80A22E238B93C300C684F3 /* Products */ = {
			isa = PBXGroup;
			children = (
				5F80A22D238B93C300C684F3 /* ScaneQRProject.app */,
			);
			name = Products;
			sourceTree = "<group>";
		};
		5F80A22F238B93C300C684F3 /* ScaneQRProject */ = {
			isa = PBXGroup;
			children = (
				5F80A230238B93C300C684F3 /* AppDelegate.h */,
				5F80A231238B93C300C684F3 /* AppDelegate.m */,
				5F80A233238B93C300C684F3 /* ViewController.h */,
				5F80A234238B93C300C684F3 /* ViewController.m */,
				5F80A236238B93C300C684F3 /* Main.storyboard */,
				5F80A239238B93C600C684F3 /* Assets.xcassets */,
				5F80A23B238B93C600C684F3 /* LaunchScreen.storyboard */,
				5F80A23E238B93C600C684F3 /* Info.plist */,
				5F80A23F238B93C600C684F3 /* main.m */,
			);
			path = ScaneQRProject;
			sourceTree = "<group>";
		};
/* End PBXGroup section */

/* Begin PBXNativeTarget section */
		5F80A22C238B93C300C684F3 /* ScaneQRProject */ = {
			isa = PBXNativeTarget;
			buildConfigurationList = 5F80A243238B93C600C684F3 /* Build configuration list for PBXNativeTarget "ScaneQRProject" */;
			buildPhases = (
				5F80A229238B93C300C684F3 /* Sources */,
				5F80A22A238B93C300C684F3 /* Frameworks */,
				5F80A22B238B93C300C684F3 /* Resources */,
			);
			buildRules = (
			);
			dependencies = (
			);
			name = ScaneQRProject;
			productName = ScaneQRProject;
			productReference = 5F80A22D238B93C300C684F3 /* ScaneQRProject.app */;
			productType = "com.apple.product-type.application";
		};
/* End PBXNativeTarget section */

/* Begin PBXProject section */
		5F80A225238B93C300C684F3 /* Project object */ = {
			isa = PBXProject;
			attributes = {
				LastUpgradeCheck = 1030;
				ORGANIZATIONNAME = com.oc.shy;
				TargetAttributes = {
					5F80A22C238B93C300C684F3 = {
						CreatedOnToolsVersion = 10.3;
					};
				};
			};
			buildConfigurationList = 5F80A228238B93C300C684F3 /* Build configuration list for PBXProject "ScaneQRProject" */;
			compatibilityVersion = "Xcode 9.3";
			developmentRegion = en;
			hasScannedForEncodings = 0;
			knownRegions = (
				en,
				Base,
			);
			mainGroup = 5F80A224238B93C300C684F3;
			productRefGroup = 5F80A22E238B93C300C684F3 /* Products */;
			projectDirPath = "";
			projectRoot = "";
			targets = (
				5F80A22C238B93C300C684F3 /* ScaneQRProject */,
			);
		};
/* End PBXProject section */

/* Begin PBXResourcesBuildPhase section */
		5F80A22B238B93C300C684F3 /* Resources */ = {
			isa = PBXResourcesBuildPhase;
			buildActionMask = 2147483647;
			files = (
				5F80A23D238B93C600C684F3 /* LaunchScreen.storyboard in Resources */,
				5F80A23A238B93C600C684F3 /* Assets.xcassets in Resources */,
				5F80A238238B93C300C684F3 /* Main.storyboard in Resources */,
			);
			runOnlyForDeploymentPostprocessing = 0;
		};
/* End PBXResourcesBuildPhase section */

/* Begin PBXSourcesBuildPhase section */
		5F80A229238B93C300C684F3 /* Sources */ = {
			isa = PBXSourcesBuildPhase;
			buildActionMask = 2147483647;
			files = (
				5F80A235238B93C300C684F3 /* ViewController.m in Sources */,
				5F80A240238B93C600C684F3 /* main.m in Sources */,
				5F80A232238B93C300C684F3 /* AppDelegate.m in Sources */,
			);
			runOnlyForDeploymentPostprocessing = 0;
		};
/* End PBXSourcesBuildPhase section */

/* Begin PBXVariantGroup section */
		5F80A236238B93C300C684F3 /* Main.storyboard */ = {
			isa = PBXVariantGroup;
			children = (
				5F80A237238B93C300C684F3 /* Base */,
			);
			name = Main.storyboard;
			sourceTree = "<group>";
		};
		5F80A23B238B93C600C684F3 /* LaunchScreen.storyboard */ = {
			isa = PBXVariantGroup;
			children = (
				5F80A23C238B93C600C684F3 /* Base */,
			);
			name = LaunchScreen.storyboard;
			sourceTree = "<group>";
		};
/* End PBXVariantGroup section */

/* Begin XCBuildConfiguration section */
		5F80A241238B93C600C684F3 /* Debug */ = {
			isa = XCBuildConfiguration;
			buildSettings = {
				ALWAYS_SEARCH_USER_PATHS = NO;
				CLANG_ANALYZER_NONNULL = YES;
				CLANG_ANALYZER_NUMBER_OBJECT_CONVERSION = YES_AGGRESSIVE;
				CLANG_CXX_LANGUAGE_STANDARD = "gnu++14";
				CLANG_CXX_LIBRARY = "libc++";
				CLANG_ENABLE_MODULES = YES;
				CLANG_ENABLE_OBJC_ARC = YES;
				CLANG_ENABLE_OBJC_WEAK = YES;
				CLANG_WARN_BLOCK_CAPTURE_AUTORELEASING = YES;
				CLANG_WARN_BOOL_CONVERSION = YES;
				CLANG_WARN_COMMA = YES;
				CLANG_WARN_CONSTANT_CONVERSION = YES;
				CLANG_WARN_DEPRECATED_OBJC_IMPLEMENTATIONS = YES;
				CLANG_WARN_DIRECT_OBJC_ISA_USAGE = YES_ERROR;
				CLANG_WARN_DOCUMENTATION_COMMENTS = YES;
				CLANG_WARN_EMPTY_BODY = YES;
				CLANG_WARN_ENUM_CONVERSION = YES;
				CLANG_WARN_INFINITE_RECURSION = YES;
				CLANG_WARN_INT_CONVERSION = YES;
				CLANG_WARN_NON_LITERAL_NULL_CONVERSION = YES;
				CLANG_WARN_OBJC_IMPLICIT_RETAIN_SELF = YES;
				CLANG_WARN_OBJC_LITERAL_CONVERSION = YES;
				CLANG_WARN_OBJC_ROOT_CLASS = YES_ERROR;
				CLANG_WARN_RANGE_LOOP_ANALYSIS = YES;
				CLANG_WARN_STRICT_PROTOTYPES = YES;
				CLANG_WARN_SUSPICIOUS_MOVE = YES;
				CLANG_WARN_UNGUARDED_AVAILABILITY = YES_AGGRESSIVE;
				CLANG_WARN_UNREACHABLE_CODE = YES;
				CLANG_WARN__DUPLICATE_METHOD_MATCH = YES;
				CODE_SIGN_IDENTITY = "iPhone Developer";
				COPY_PHASE_STRIP = NO;
				DEBUG_INFORMATION_FORMAT = dwarf;
				ENABLE_STRICT_OBJC_MSGSEND = YES;
				ENABLE_TESTABILITY = YES;
				GCC_C_LANGUAGE_STANDARD = gnu11;
				GCC_DYNAMIC_NO_PIC = NO;
				GCC_NO_COMMON_BLOCKS = YES;
				GCC_OPTIMIZATION_LEVEL = 0;
				GCC_PREPROCESSOR_DEFINITIONS = (
					"DEBUG=1",
					"$(inherited)",
				);
				GCC_WARN_64_TO_32_BIT_CONVERSION = YES;
				GCC_WARN_ABOUT_RETURN_TYPE = YES_ERROR;
				GCC_WARN_UNDECLARED_SELECTOR = YES;
				GCC_WARN_UNINITIALIZED_AUTOS = YES_AGGRESSIVE;
				GCC_WARN_UNUSED_FUNCTION = YES;
				GCC_WARN_UNUSED_VARIABLE = YES;
				IPHONEOS_DEPLOYMENT_TARGET = 12.4;
				MTL_ENABLE_DEBUG_INFO = INCLUDE_SOURCE;
				MTL_FAST_MATH = YES;
				ONLY_ACTIVE_ARCH = YES;
				SDKROOT = iphoneos;
			};
			name = Debug;
		};
		5F80A242238B93C600C684F3 /* Release */ = {
			isa = XCBuildConfiguration;
			buildSettings = {
				ALWAYS_SEARCH_USER_PATHS = NO;
				CLANG_ANALYZER_NONNULL = YES;
				CLANG_ANALYZER_NUMBER_OBJECT_CONVERSION = YES_AGGRESSIVE;
				CLANG_CXX_LANGUAGE_STANDARD = "gnu++14";
				CLANG_CXX_LIBRARY = "libc++";
				CLANG_ENABLE_MODULES = YES;
				CLANG_ENABLE_OBJC_ARC = YES;
				CLANG_ENABLE_OBJC_WEAK = YES;
				CLANG_WARN_BLOCK_CAPTURE_AUTORELEASING = YES;
				CLANG_WARN_BOOL_CONVERSION = YES;
				CLANG_WARN_COMMA = YES;
				CLANG_WARN_CONSTANT_CONVERSION = YES;
				CLANG_WARN_DEPRECATED_OBJC_IMPLEMENTATIONS = YES;
				CLANG_WARN_DIRECT_OBJC_ISA_USAGE = YES_ERROR;
				CLANG_WARN_DOCUMENTATION_COMMENTS = YES;
				CLANG_WARN_EMPTY_BODY = YES;
				CLANG_WARN_ENUM_CONVERSION = YES;
				CLANG_WARN_INFINITE_RECURSION = YES;
				CLANG_WARN_INT_CONVERSION = YES;
				CLANG_WARN_NON_LITERAL_NULL_CONVERSION = YES;
				CLANG_WARN_OBJC_IMPLICIT_RETAIN_SELF = YES;
				CLANG_WARN_OBJC_LITERAL_CONVERSION = YES;
				CLANG_WARN_OBJC_ROOT_CLASS = YES_ERROR;
				CLANG_WARN_RANGE_LOOP_ANALYSIS = YES;
				CLANG_WARN_STRICT_PROTOTYPES = YES;
				CLANG_WARN_SUSPICIOUS_MOVE = YES;
				CLANG_WARN_UNGUARDED_AVAILABILITY = YES_AGGRESSIVE;
				CLANG_WARN_UNREACHABLE_CODE = YES;
				CLANG_WARN__DUPLICATE_METHOD_MATCH = YES;
				CODE_SIGN_IDENTITY = "iPhone Developer";
				COPY_PHASE_STRIP = NO;
				DEBUG_INFORMATION_FORMAT = "dwarf-with-dsym";
				ENABLE_NS_ASSERTIONS = NO;
				ENABLE_STRICT_OBJC_MSGSEND = YES;
				GCC_C_LANGUAGE_STANDARD = gnu11;
				GCC_NO_COMMON_BLOCKS = YES;
				GCC_WARN_64_TO_32_BIT_CONVERSION = YES;
				GCC_WARN_ABOUT_RETURN_TYPE = YES_ERROR;
				GCC_WARN_UNDECLARED_SELECTOR = YES;
				GCC_WARN_UNINITIALIZED_AUTOS = YES_AGGRESSIVE;
				GCC_WARN_UNUSED_FUNCTION = YES;
				GCC_WARN_UNUSED_VARIABLE = YES;
				IPHONEOS_DEPLOYMENT_TARGET = 12.4;
				MTL_ENABLE_DEBUG_INFO = NO;
				MTL_FAST_MATH = YES;
				SDKROOT = iphoneos;
				VALIDATE_PRODUCT = YES;
			};
			name = Release;
		};
		5F80A244238B93C600C684F3 /* Debug */ = {
			isa = XCBuildConfiguration;
			buildSettings = {
				ASSETCATALOG_COMPILER_APPICON_NAME = AppIcon;
				CODE_SIGN_STYLE = Automatic;
				DEVELOPMENT_TEAM = 6RE56K8B4Z;
				INFOPLIST_FILE = ScaneQRProject/Info.plist;
				IPHONEOS_DEPLOYMENT_TARGET = 9.0;
				LD_RUNPATH_SEARCH_PATHS = (
					"$(inherited)",
					"@executable_path/Frameworks",
				);
				PRODUCT_BUNDLE_IDENTIFIER = com.piaojubao.rn.profession;
				PRODUCT_NAME = "$(TARGET_NAME)";
				TARGETED_DEVICE_FAMILY = "1,2";
			};
			name = Debug;
		};
		5F80A245238B93C600C684F3 /* Release */ = {
			isa = XCBuildConfiguration;
			buildSettings = {
				ASSETCATALOG_COMPILER_APPICON_NAME = AppIcon;
				CODE_SIGN_STYLE = Automatic;
				DEVELOPMENT_TEAM = 6RE56K8B4Z;
				INFOPLIST_FILE = ScaneQRProject/Info.plist;
				IPHONEOS_DEPLOYMENT_TARGET = 9.0;
				LD_RUNPATH_SEARCH_PATHS = (
					"$(inherited)",
					"@executable_path/Frameworks",
				);
				PRODUCT_BUNDLE_IDENTIFIER = com.piaojubao.rn.profession;
				PRODUCT_NAME = "$(TARGET_NAME)";
				TARGETED_DEVICE_FAMILY = "1,2";
			};
			name = Release;
		};
/* End XCBuildConfiguration section */

/* Begin XCConfigurationList section */
		5F80A228238B93C300C684F3 /* Build configuration list for PBXProject "ScaneQRProject" */ = {
			isa = XCConfigurationList;
			buildConfigurations = (
				5F80A241238B93C600C684F3 /* Debug */,
				5F80A242238B93C600C684F3 /* Release */,
			);
			defaultConfigurationIsVisible = 0;
			defaultConfigurationName = Release;
		};
		5F80A243238B93C600C684F3 /* Build configuration list for PBXNativeTarget "ScaneQRProject" */ = {
			isa = XCConfigurationList;
			buildConfigurations = (
				5F80A244238B93C600C684F3 /* Debug */,
				5F80A245238B93C600C684F3 /* Release */,
			);
			defaultConfigurationIsVisible = 0;
			defaultConfigurationName = Release;
		};
/* End XCConfigurationList section */
	};
	rootObject = 5F80A225238B93C300C684F3 /* Project object */;
}
